
Microsoft Visual Studio Solution File, Format Version 12.00
# Visual Studio Version 16
VisualStudioVersion = 16.0.31129.286
MinimumVisualStudioVersion = 10.0.40219.1
Project("{FAE04EC0-301F-11D3-BF4B-00C04F79EFBC}") = "EmotiPal.UWP", "EmotiPal\EmotiPal.UWP\EmotiPal.UWP.csproj", "{4DB2D6F8-8A22-49E4-8B43-A8FFD68D3B8A}"
EndProject
Project("{FAE04EC0-301F-11D3-BF4B-00C04F79EFBC}") = "EmotiPal.Android", "EmotiPal\EmotiPal.Android\EmotiPal.Android.csproj", "{2E2F5D7F-AC8C-48FA-8178-FA425020BDC2}"
EndProject
Project("{FAE04EC0-301F-11D3-BF4B-00C04F79EFBC}") = "EmotiPal.iOS", "EmotiPal\EmotiPal.iOS\EmotiPal.iOS.csproj", "{C912BED1-96DA-419D-A84B-27726B6FE5D6}"
EndProject
Project("{FAE04EC0-301F-11D3-BF4B-00C04F79EFBC}") = "EmotiPal", "EmotiPal\EmotiPal\EmotiPal.csproj", "{2B3350A2-2CA7-4C28-93A0-B36C81D209E3}"
EndProject
Global
	GlobalSection(SolutionConfigurationPlatforms) = preSolution
		Debug|Any CPU = Debug|Any CPU
		Debug|ARM = Debug|ARM
		Debug|iPhone = Debug|iPhone
		Debug|iPhoneSimulator = Debug|iPhoneSimulator
		Debug|x64 = Debug|x64
		Debug|x86 = Debug|x86
		Release|Any CPU = Release|Any CPU
		Release|ARM = Release|ARM
		Release|iPhone = Release|iPhone
		Release|iPhoneSimulator = Release|iPhoneSimulator
		Release|x64 = Release|x64
		Release|x86 = Release|x86
	EndGlobalSection
	GlobalSection(ProjectConfigurationPlatforms) = postSolution
		{4DB2D6F8-8A22-49E4-8B43-A8FFD68D3B8A}.Debug|Any CPU.ActiveCfg = Debug|x86
		{4DB2D6F8-8A22-49E4-8B43-A8FFD68D3B8A}.Debug|Any CPU.Build.0 = Debug|x86
		{4DB2D6F8-8A22-49E4-8B43-A8FFD68D3B8A}.Debug|Any CPU.Deploy.0 = Debug|x86
		{4DB2D6F8-8A22-49E4-8B43-A8FFD68D3B8A}.Debug|ARM.ActiveCfg = Debug|ARM
		{4DB2D6F8-8A22-49E4-8B43-A8FFD68D3B8A}.Debug|ARM.Build.0 = Debug|ARM
		{4DB2D6F8-8A22-49E4-8B43-A8FFD68D3B8A}.Debug|ARM.Deploy.0 = Debug|ARM
		{4DB2D6F8-8A22-49E4-8B43-A8FFD68D3B8A}.Debug|iPhone.ActiveCfg = Debug|x86
		{4DB2D6F8-8A22-49E4-8B43-A8FFD68D3B8A}.Debug|iPhone.Build.0 = Debug|x86
		{4DB2D6F8-8A22-49E4-8B43-A8FFD68D3B8A}.Debug|iPhone.Deploy.0 = Debug|x86
		{4DB2D6F8-8A22-49E4-8B43-A8FFD68D3B8A}.Debug|iPhoneSimulator.ActiveCfg = Debug|x86
		{4DB2D6F8-8A22-49E4-8B43-A8FFD68D3B8A}.Debug|iPhoneSimulator.Build.0 = Debug|x86
		{4DB2D6F8-8A22-49E4-8B43-A8FFD68D3B8A}.Debug|iPhoneSimulator.Deploy.0 = Debug|x86
		{4DB2D6F8-8A22-49E4-8B43-A8FFD68D3B8A}.Debug|x64.ActiveCfg = Debug|x64
		{4DB2D6F8-8A22-49E4-8B43-A8FFD68D3B8A}.Debug|x64.Build.0 = Debug|x64
		{4DB2D6F8-8A22-49E4-8B43-A8FFD68D3B8A}.Debug|x64.Deploy.0 = Debug|x64
		{4DB2D6F8-8A22-49E4-8B43-A8FFD68D3B8A}.Debug|x86.ActiveCfg = Debug|x86
		{4DB2D6F8-8A22-49E4-8B43-A8FFD68D3B8A}.Debug|x86.Build.0 = Debug|x86
		{4DB2D6F8-8A22-49E4-8B43-A8FFD68D3B8A}.Debug|x86.Deploy.0 = Debug|x86
		{4DB2D6F8-8A22-49E4-8B43-A8FFD68D3B8A}.Release|Any CPU.ActiveCfg = Release|x86
		{4DB2D6F8-8A22-49E4-8B43-A8FFD68D3B8A}.Release|Any CPU.Build.0 = Release|x86
		{4DB2D6F8-8A22-49E4-8B43-A8FFD68D3B8A}.Release|Any CPU.Deploy.0 = Release|x86
		{4DB2D6F8-8A22-49E4-8B43-A8FFD68D3B8A}.Release|ARM.ActiveCfg = Release|ARM
		{4DB2D6F8-8A22-49E4-8B43-A8FFD68D3B8A}.Release|ARM.Build.0 = Release|ARM
		{4DB2D6F8-8A22-49E4-8B43-A8FFD68D3B8A}.Release|ARM.Deploy.0 = Release|ARM
		{4DB2D6F8-8A22-49E4-8B43-A8FFD68D3B8A}.Release|iPhone.ActiveCfg = Release|x86
		{4DB2D6F8-8A22-49E4-8B43-A8FFD68D3B8A}.Release|iPhone.Build.0 = Release|x86
		{4DB2D6F8-8A22-49E4-8B43-A8FFD68D3B8A}.Release|iPhone.Deploy.0 = Release|x86
		{4DB2D6F8-8A22-49E4-8B43-A8FFD68D3B8A}.Release|iPhoneSimulator.ActiveCfg = Release|x86
		{4DB2D6F8-8A22-49E4-8B43-A8FFD68D3B8A}.Release|iPhoneSimulator.Build.0 = Release|x86
		{4DB2D6F8-8A22-49E4-8B43-A8FFD68D3B8A}.Release|iPhoneSimulator.Deploy.0 = Release|x86
		{4DB2D6F8-8A22-49E4-8B43-A8FFD68D3B8A}.Release|x64.ActiveCfg = Release|x64
		{4DB2D6F8-8A22-49E4-8B43-A8FFD68D3B8A}.Release|x64.Build.0 = Release|x64
		{4DB2D6F8-8A22-49E4-8B43-A8FFD68D3B8A}.Release|x64.Deploy.0 = Release|x64
		{4DB2D6F8-8A22-49E4-8B43-A8FFD68D3B8A}.Release|x86.ActiveCfg = Release|x86
		{4DB2D6F8-8A22-49E4-8B43-A8FFD68D3B8A}.Release|x86.Build.0 = Release|x86
		{4DB2D6F8-8A22-49E4-8B43-A8FFD68D3B8A}.Release|x86.Deploy.0 = Release|x86
		{2E2F5D7F-AC8C-48FA-8178-FA425020BDC2}.Debug|Any CPU.ActiveCfg = Debug|Any CPU
		{2E2F5D7F-AC8C-48FA-8178-FA425020BDC2}.Debug|Any CPU.Build.0 = Debug|Any CPU
		{2E2F5D7F-AC8C-48FA-8178-FA425020BDC2}.Debug|Any CPU.Deploy.0 = Debug|Any CPU
		{2E2F5D7F-AC8C-48FA-8178-FA425020BDC2}.Debug|ARM.ActiveCfg = Debug|Any CPU
		{2E2F5D7F-AC8C-48FA-8178-FA425020BDC2}.Debug|ARM.Build.0 = Debug|Any CPU
		{2E2F5D7F-AC8C-48FA-8178-FA425020BDC2}.Debug|ARM.Deploy.0 = Debug|Any CPU
		{2E2F5D7F-AC8C-48FA-8178-FA425020BDC2}.Debug|iPhone.ActiveCfg = Debug|Any CPU
		{2E2F5D7F-AC8C-48FA-8178-FA425020BDC2}.Debug|iPhone.Build.0 = Debug|Any CPU
		{2E2F5D7F-AC8C-48FA-8178-FA425020BDC2}.Debug|iPhone.Deploy.0 = Debug|Any CPU
		{2E2F5D7F-AC8C-48FA-8178-FA425020BDC2}.Debug|iPhoneSimulator.ActiveCfg = Debug|Any CPU
		{2E2F5D7F-AC8C-48FA-8178-FA425020BDC2}.Debug|iPhoneSimulator.Build.0 = Debug|Any CPU
		{2E2F5D7F-AC8C-48FA-8178-FA425020BDC2}.Debug|iPhoneSimulator.Deploy.0 = Debug|Any CPU
		{2E2F5D7F-AC8C-48FA-8178-FA425020BDC2}.Debug|x64.ActiveCfg = Debug|Any CPU
		{2E2F5D7F-AC8C-48FA-8178-FA425020BDC2}.Debug|x64.Build.0 = Debug|Any CPU
		{2E2F5D7F-AC8C-48FA-8178-FA425020BDC2}.Debug|x64.Deploy.0 = Debug|Any CPU
		{2E2F5D7F-AC8C-48FA-8178-FA425020BDC2}.Debug|x86.ActiveCfg = Debug|Any CPU
		{2E2F5D7F-AC8C-48FA-8178-FA425020BDC2}.Debug|x86.Build.0 = Debug|Any CPU
		{2E2F5D7F-AC8C-48FA-8178-FA425020BDC2}.Debug|x86.Deploy.0 = Debug|Any CPU
		{2E2F5D7F-AC8C-48FA-8178-FA425020BDC2}.Release|Any CPU.ActiveCfg = Release|Any CPU
		{2E2F5D7F-AC8C-48FA-8178-FA425020BDC2}.Release|Any CPU.Build.0 = Release|Any CPU
		{2E2F5D7F-AC8C-48FA-8178-FA425020BDC2}.Release|Any CPU.Deploy.0 = Release|Any CPU
		{2E2F5D7F-AC8C-48FA-8178-FA425020BDC2}.Release|ARM.ActiveCfg = Release|Any CPU
		{2E2F5D7F-AC8C-48FA-8178-FA425020BDC2}.Release|ARM.Build.0 = Release|Any CPU
		{2E2F5D7F-AC8C-48FA-8178-FA425020BDC2}.Release|ARM.Deploy.0 = Release|Any CPU
		{2E2F5D7F-AC8C-48FA-8178-FA425020BDC2}.Release|iPhone.ActiveCfg = Release|Any CPU
		{2E2F5D7F-AC8C-48FA-8178-FA425020BDC2}.Release|iPhone.Build.0 = Release|Any CPU
		{2E2F5D7F-AC8C-48FA-8178-FA425020BDC2}.Release|iPhone.Deploy.0 = Release|Any CPU
		{2E2F5D7F-AC8C-48FA-8178-FA425020BDC2}.Release|iPhoneSimulator.ActiveCfg = Release|Any CPU
		{2E2F5D7F-AC8C-48FA-8178-FA425020BDC2}.Release|iPhoneSimulator.Build.0 = Release|Any CPU
		{2E2F5D7F-AC8C-48FA-8178-FA425020BDC2}.Release|iPhoneSimulator.Deploy.0 = Release|Any CPU
		{2E2F5D7F-AC8C-48FA-8178-FA425020BDC2}.Release|x64.ActiveCfg = Release|Any CPU
		{2E2F5D7F-AC8C-48FA-8178-FA425020BDC2}.Release|x64.Build.0 = Release|Any CPU
		{2E2F5D7F-AC8C-48FA-8178-FA425020BDC2}.Release|x64.Deploy.0 = Release|Any CPU
		{2E2F5D7F-AC8C-48FA-8178-FA425020BDC2}.Release|x86.ActiveCfg = Release|Any CPU
		{2E2F5D7F-AC8C-48FA-8178-FA425020BDC2}.Release|x86.Build.0 = Release|Any CPU
		{2E2F5D7F-AC8C-48FA-8178-FA425020BDC2}.Release|x86.Deploy.0 = Release|Any CPU
		{C912BED1-96DA-419D-A84B-27726B6FE5D6}.Debug|Any CPU.ActiveCfg = Debug|iPhoneSimulator
		{C912BED1-96DA-419D-A84B-27726B6FE5D6}.Debug|Any CPU.Build.0 = Debug|iPhoneSimulator
		{C912BED1-96DA-419D-A84B-27726B6FE5D6}.Debug|Any CPU.Deploy.0 = Debug|iPhoneSimulator
		{C912BED1-96DA-419D-A84B-27726B6FE5D6}.Debug|ARM.ActiveCfg = Debug|iPhone
		{C912BED1-96DA-419D-A84B-27726B6FE5D6}.Debug|ARM.Build.0 = Debug|iPhone
		{C912BED1-96DA-419D-A84B-27726B6FE5D6}.Debug|ARM.Deploy.0 = Debug|iPhone
		{C912BED1-96DA-419D-A84B-27726B6FE5D6}.Debug|iPhone.ActiveCfg = Debug|iPhone
		{C912BED1-96DA-419D-A84B-27726B6FE5D6}.Debug|iPhone.Build.0 = Debug|iPhone
		{C912BED1-96DA-419D-A84B-27726B6FE5D6}.Debug|iPhone.Deploy.0 = Debug|iPhone
		{C912BED1-96DA-419D-A84B-27726B6FE5D6}.Debug|iPhoneSimulator.ActiveCfg = Debug|iPhoneSimulator
		{C912BED1-96DA-419D-A84B-27726B6FE5D6}.Debug|iPhoneSimulator.Build.0 = Debug|iPhoneSimulator
		{C912BED1-96DA-419D-A84B-27726B6FE5D6}.Debug|iPhoneSimulator.Deploy.0 = Debug|iPhoneSimulator
		{C912BED1-96DA-419D-A84B-27726B6FE5D6}.Debug|x64.ActiveCfg = Debug|iPhoneSimulator
		{C912BED1-96DA-419D-A84B-27726B6FE5D6}.Debug|x64.Build.0 = Debug|iPhoneSimulator
		{C912BED1-96DA-419D-A84B-27726B6FE5D6}.Debug|x64.Deploy.0 = Debug|iPhoneSimulator
		{C912BED1-96DA-419D-A84B-27726B6FE5D6}.Debug|x86.ActiveCfg = Debug|iPhoneSimulator
		{C912BED1-96DA-419D-A84B-27726B6FE5D6}.Debug|x86.Build.0 = Debug|iPhoneSimulator
		{C912BED1-96DA-419D-A84B-27726B6FE5D6}.Debug|x86.Deploy.0 = Debug|iPhoneSimulator
		{C912BED1-96DA-419D-A84B-27726B6FE5D6}.Release|Any CPU.ActiveCfg = Release|iPhoneSimulator
		{C912BED1-96DA-419D-A84B-27726B6FE5D6}.Release|Any CPU.Build.0 = Release|iPhoneSimulator
		{C912BED1-96DA-419D-A84B-27726B6FE5D6}.Release|Any CPU.Deploy.0 = Release|iPhoneSimulator
		{C912BED1-96DA-419D-A84B-27726B6FE5D6}.Release|ARM.ActiveCfg = Release|iPhoneSimulator
		{C912BED1-96DA-419D-A84B-27726B6FE5D6}.Release|ARM.Build.0 = Release|iPhoneSimulator
		{C912BED1-96DA-419D-A84B-27726B6FE5D6}.Release|ARM.Deploy.0 = Release|iPhoneSimulator
		{C912BED1-96DA-419D-A84B-27726B6FE5D6}.Release|iPhone.ActiveCfg = Release|iPhone
		{C912BED1-96DA-419D-A84B-27726B6FE5D6}.Release|iPhone.Build.0 = Release|iPhone
		{C912BED1-96DA-419D-A84B-27726B6FE5D6}.Release|iPhone.Deploy.0 = Release|iPhone
		{C912BED1-96DA-419D-A84B-27726B6FE5D6}.Release|iPhoneSimulator.ActiveCfg = Release|iPhoneSimulator
		{C912BED1-96DA-419D-A84B-27726B6FE5D6}.Release|iPhoneSimulator.Build.0 = Release|iPhoneSimulator
		{C912BED1-96DA-419D-A84B-27726B6FE5D6}.Release|iPhoneSimulator.Deploy.0 = Release|iPhoneSimulator
		{C912BED1-96DA-419D-A84B-27726B6FE5D6}.Release|x64.ActiveCfg = Release|iPhoneSimulator
		{C912BED1-96DA-419D-A84B-27726B6FE5D6}.Release|x64.Build.0 = Release|iPhoneSimulator
		{C912BED1-96DA-419D-A84B-27726B6FE5D6}.Release|x64.Deploy.0 = Release|iPhoneSimulator
		{C912BED1-96DA-419D-A84B-27726B6FE5D6}.Release|x86.ActiveCfg = Release|iPhoneSimulator
		{C912BED1-96DA-419D-A84B-27726B6FE5D6}.Release|x86.Build.0 = Release|iPhoneSimulator
		{C912BED1-96DA-419D-A84B-27726B6FE5D6}.Release|x86.Deploy.0 = Release|iPhoneSimulator
		{2B3350A2-2CA7-4C28-93A0-B36C81D209E3}.Debug|Any CPU.ActiveCfg = Debug|Any CPU
		{2B3350A2-2CA7-4C28-93A0-B36C81D209E3}.Debug|Any CPU.Build.0 = Debug|Any CPU
		{2B3350A2-2CA7-4C28-93A0-B36C81D209E3}.Debug|Any CPU.Deploy.0 = Debug|Any CPU
		{2B3350A2-2CA7-4C28-93A0-B36C81D209E3}.Debug|ARM.ActiveCfg = Debug|Any CPU
		{2B3350A2-2CA7-4C28-93A0-B36C81D209E3}.Debug|ARM.Build.0 = Debug|Any CPU
		{2B3350A2-2CA7-4C28-93A0-B36C81D209E3}.Debug|ARM.Deploy.0 = Debug|Any CPU
		{2B3350A2-2CA7-4C28-93A0-B36C81D209E3}.Debug|iPhone.ActiveCfg = Debug|Any CPU
		{2B3350A2-2CA7-4C28-93A0-B36C81D209E3}.Debug|iPhone.Build.0 = Debug|Any CPU
		{2B3350A2-2CA7-4C28-93A0-B36C81D209E3}.Debug|iPhone.Deploy.0 = Debug|Any CPU
		{2B3350A2-2CA7-4C28-93A0-B36C81D209E3}.Debug|iPhoneSimulator.ActiveCfg = Debug|Any CPU
		{2B3350A2-2CA7-4C28-93A0-B36C81D209E3}.Debug|iPhoneSimulator.Build.0 = Debug|Any CPU
		{2B3350A2-2CA7-4C28-93A0-B36C81D209E3}.Debug|iPhoneSimulator.Deploy.0 = Debug|Any CPU
		{2B3350A2-2CA7-4C28-93A0-B36C81D209E3}.Debug|x64.ActiveCfg = Debug|Any CPU
		{2B3350A2-2CA7-4C28-93A0-B36C81D209E3}.Debug|x64.Build.0 = Debug|Any CPU
		{2B3350A2-2CA7-4C28-93A0-B36C81D209E3}.Debug|x64.Deploy.0 = Debug|Any CPU
		{2B3350A2-2CA7-4C28-93A0-B36C81D209E3}.Debug|x86.ActiveCfg = Debug|Any CPU
		{2B3350A2-2CA7-4C28-93A0-B36C81D209E3}.Debug|x86.Build.0 = Debug|Any CPU
		{2B3350A2-2CA7-4C28-93A0-B36C81D209E3}.Debug|x86.Deploy.0 = Debug|Any CPU
		{2B3350A2-2CA7-4C28-93A0-B36C81D209E3}.Release|Any CPU.ActiveCfg = Release|Any CPU
		{2B3350A2-2CA7-4C28-93A0-B36C81D209E3}.Release|Any CPU.Build.0 = Release|Any CPU
		{2B3350A2-2CA7-4C28-93A0-B36C81D209E3}.Release|Any CPU.Deploy.0 = Release|Any CPU
		{2B3350A2-2CA7-4C28-93A0-B36C81D209E3}.Release|ARM.ActiveCfg = Release|Any CPU
		{2B3350A2-2CA7-4C28-93A0-B36C81D209E3}.Release|ARM.Build.0 = Release|Any CPU
		{2B3350A2-2CA7-4C28-93A0-B36C81D209E3}.Release|ARM.Deploy.0 = Release|Any CPU
		{2B3350A2-2CA7-4C28-93A0-B36C81D209E3}.Release|iPhone.ActiveCfg = Release|Any CPU
		{2B3350A2-2CA7-4C28-93A0-B36C81D209E3}.Release|iPhone.Build.0 = Release|Any CPU
		{2B3350A2-2CA7-4C28-93A0-B36C81D209E3}.Release|iPhone.Deploy.0 = Release|Any CPU
		{2B3350A2-2CA7-4C28-93A0-B36C81D209E3}.Release|iPhoneSimulator.ActiveCfg = Release|Any CPU
		{2B3350A2-2CA7-4C28-93A0-B36C81D209E3}.Release|iPhoneSimulator.Build.0 = Release|Any CPU
		{2B3350A2-2CA7-4C28-93A0-B36C81D209E3}.Release|iPhoneSimulator.Deploy.0 = Release|Any CPU
		{2B3350A2-2CA7-4C28-93A0-B36C81D209E3}.Release|x64.ActiveCfg = Release|Any CPU
		{2B3350A2-2CA7-4C28-93A0-B36C81D209E3}.Release|x64.Build.0 = Release|Any CPU
		{2B3350A2-2CA7-4C28-93A0-B36C81D209E3}.Release|x64.Deploy.0 = Release|Any CPU
		{2B3350A2-2CA7-4C28-93A0-B36C81D209E3}.Release|x86.ActiveCfg = Release|Any CPU
		{2B3350A2-2CA7-4C28-93A0-B36C81D209E3}.Release|x86.Build.0 = Release|Any CPU
		{2B3350A2-2CA7-4C28-93A0-B36C81D209E3}.Release|x86.Deploy.0 = Release|Any CPU
	EndGlobalSection
	GlobalSection(SolutionProperties) = preSolution
		HideSolutionNode = FALSE
	EndGlobalSection
	GlobalSection(ExtensibilityGlobals) = postSolution
		SolutionGuid = {7A3A06A7-7AA5-43C1-991E-528C5C3FF981}
	EndGlobalSection
EndGlobal
